
Microsoft Visual Studio Solution File, Format Version 12.00
# Visual Studio 15
VisualStudioVersion = 15.0.28307.757
MinimumVisualStudioVersion = 10.0.40219.1
Project("{FAE04EC0-301F-11D3-BF4B-00C04F79EFBC}") = "0000A1Password", "0000A1Password\0000A1Password.csproj", "{719359D7-9CD8-4393-B9AC-6F812B5B0ADB}"
EndProject
Global
	GlobalSection(SolutionConfigurationPlatforms) = preSolution
		Debug|Any CPU = Debug|Any CPU
		Release|Any CPU = Release|Any CPU
	EndGlobalSection
	GlobalSection(ProjectConfigurationPlatforms) = postSolution
		{719359D7-9CD8-4393-B9AC-6F812B5B0ADB}.Debug|Any CPU.ActiveCfg = Debug|Any CPU
		{719359D7-9CD8-4393-B9AC-6F812B5B0ADB}.Debug|Any CPU.Build.0 = Debug|Any CPU
		{719359D7-9CD8-4393-B9AC-6F812B5B0ADB}.Release|Any CPU.ActiveCfg = Release|Any CPU
		{719359D7-9CD8-4393-B9AC-6F812B5B0ADB}.Release|Any CPU.Build.0 = Release|Any CPU
	EndGlobalSection
	GlobalSection(SolutionProperties) = preSolution
		HideSolutionNode = FALSE
	EndGlobalSection
	GlobalSection(ExtensibilityGlobals) = postSolution
		SolutionGuid = {F57E2718-8BCC-4387-9254-04C519C75C39}
	EndGlobalSection
EndGlobal
